
Microsoft Visual Studio Solution File, Format Version 11.00
# Visual Studio 2010
Project("{FAE04EC0-301F-11D3-BF4B-00C04F79EFBC}") = "Assembly-CSharp", "Assembly-CSharp.csproj", "{6EC92BC9-6A2A-4C10-0F26-977CE9BD1A94}"
EndProject
Global
	GlobalSection(SolutionConfigurationPlatforms) = preSolution
		Debug|Any CPU = Debug|Any CPU
		Release|Any CPU = Release|Any CPU
	EndGlobalSection
	GlobalSection(ProjectConfigurationPlatforms) = postSolution
		{6EC92BC9-6A2A-4C10-0F26-977CE9BD1A94}.Debug|Any CPU.ActiveCfg = Debug|Any CPU
		{6EC92BC9-6A2A-4C10-0F26-977CE9BD1A94}.Debug|Any CPU.Build.0 = Debug|Any CPU
		{6EC92BC9-6A2A-4C10-0F26-977CE9BD1A94}.Release|Any CPU.ActiveCfg = Release|Any CPU
		{6EC92BC9-6A2A-4C10-0F26-977CE9BD1A94}.Release|Any CPU.Build.0 = Release|Any CPU
	EndGlobalSection
	GlobalSection(SolutionProperties) = preSolution
		HideSolutionNode = FALSE
	EndGlobalSection
EndGlobal
